// !$*UTF8*$!
{
	archiveVersion = 1;
	classes = {
	};
	objectVersion = 55;
	objects = {

/* Begin PBXBuildFile section */
		819497B927713AE3000C55B3 /* EnterEmailViewController.swift in Sources */ = {isa = PBXBuildFile; fileRef = 819497B827713AE3000C55B3 /* EnterEmailViewController.swift */; };
		819497BB27715DA7000C55B3 /* MainViewController.swift in Sources */ = {isa = PBXBuildFile; fileRef = 819497BA27715DA7000C55B3 /* MainViewController.swift */; };
		819497BD2771ACA9000C55B3 /* GoogleService-Info.plist in Resources */ = {isa = PBXBuildFile; fileRef = 819497BC2771ACA9000C55B3 /* GoogleService-Info.plist */; };
		81E6F3AB27711EA60029E6BD /* AppDelegate.swift in Sources */ = {isa = PBXBuildFile; fileRef = 81E6F3AA27711EA60029E6BD /* AppDelegate.swift */; };
		81E6F3AD27711EA60029E6BD /* SceneDelegate.swift in Sources */ = {isa = PBXBuildFile; fileRef = 81E6F3AC27711EA60029E6BD /* SceneDelegate.swift */; };
		81E6F3B227711EA60029E6BD /* Main.storyboard in Resources */ = {isa = PBXBuildFile; fileRef = 81E6F3B027711EA60029E6BD /* Main.storyboard */; };
		81E6F3B427711EA80029E6BD /* Assets.xcassets in Resources */ = {isa = PBXBuildFile; fileRef = 81E6F3B327711EA80029E6BD /* Assets.xcassets */; };
		81E6F3B727711EA80029E6BD /* LaunchScreen.storyboard in Resources */ = {isa = PBXBuildFile; fileRef = 81E6F3B527711EA80029E6BD /* LaunchScreen.storyboard */; };
		81E6F3BF27711F0E0029E6BD /* LoginViewController.swift in Sources */ = {isa = PBXBuildFile; fileRef = 81E6F3BE27711F0E0029E6BD /* LoginViewController.swift */; };
		ADCEE76D17C9E9F7A66F61B4 /* Pods_08_firebase_login_app.framework in Frameworks */ = {isa = PBXBuildFile; fileRef = 7FB8112857ED6CF55156AAAB /* Pods_08_firebase_login_app.framework */; };
/* End PBXBuildFile section */

/* Begin PBXFileReference section */
		43A94A8F0CEDC2E84F0A6381 /* Pods-08_firebase_login_app.debug.xcconfig */ = {isa = PBXFileReference; includeInIndex = 1; lastKnownFileType = text.xcconfig; name = "Pods-08_firebase_login_app.debug.xcconfig"; path = "Target Support Files/Pods-08_firebase_login_app/Pods-08_firebase_login_app.debug.xcconfig"; sourceTree = "<group>"; };
		6999E9AE18EDDDC31267FBE1 /* Pods-08_firebase_login_app.release.xcconfig */ = {isa = PBXFileReference; includeInIndex = 1; lastKnownFileType = text.xcconfig; name = "Pods-08_firebase_login_app.release.xcconfig"; path = "Target Support Files/Pods-08_firebase_login_app/Pods-08_firebase_login_app.release.xcconfig"; sourceTree = "<group>"; };
		7FB8112857ED6CF55156AAAB /* Pods_08_firebase_login_app.framework */ = {isa = PBXFileReference; explicitFileType = wrapper.framework; includeInIndex = 0; path = Pods_08_firebase_login_app.framework; sourceTree = BUILT_PRODUCTS_DIR; };
		819497B827713AE3000C55B3 /* EnterEmailViewController.swift */ = {isa = PBXFileReference; lastKnownFileType = sourcecode.swift; path = EnterEmailViewController.swift; sourceTree = "<group>"; };
		819497BA27715DA7000C55B3 /* MainViewController.swift */ = {isa = PBXFileReference; lastKnownFileType = sourcecode.swift; path = MainViewController.swift; sourceTree = "<group>"; };
		819497BC2771ACA9000C55B3 /* GoogleService-Info.plist */ = {isa = PBXFileReference; fileEncoding = 4; lastKnownFileType = text.plist.xml; path = "GoogleService-Info.plist"; sourceTree = "<group>"; };
		81E6F3A727711EA60029E6BD /* 08_firebase_login_app.app */ = {isa = PBXFileReference; explicitFileType = wrapper.application; includeInIndex = 0; path = 08_firebase_login_app.app; sourceTree = BUILT_PRODUCTS_DIR; };
		81E6F3AA27711EA60029E6BD /* AppDelegate.swift */ = {isa = PBXFileReference; lastKnownFileType = sourcecode.swift; path = AppDelegate.swift; sourceTree = "<group>"; };
		81E6F3AC27711EA60029E6BD /* SceneDelegate.swift */ = {isa = PBXFileReference; lastKnownFileType = sourcecode.swift; path = SceneDelegate.swift; sourceTree = "<group>"; };
		81E6F3B127711EA60029E6BD /* Base */ = {isa = PBXFileReference; lastKnownFileType = file.storyboard; name = Base; path = Base.lproj/Main.storyboard; sourceTree = "<group>"; };
		81E6F3B327711EA80029E6BD /* Assets.xcassets */ = {isa = PBXFileReference; lastKnownFileType = folder.assetcatalog; path = Assets.xcassets; sourceTree = "<group>"; };
		81E6F3B627711EA80029E6BD /* Base */ = {isa = PBXFileReference; lastKnownFileType = file.storyboard; name = Base; path = Base.lproj/LaunchScreen.storyboard; sourceTree = "<group>"; };
		81E6F3B827711EA80029E6BD /* Info.plist */ = {isa = PBXFileReference; lastKnownFileType = text.plist.xml; path = Info.plist; sourceTree = "<group>"; };
		81E6F3BE27711F0E0029E6BD /* LoginViewController.swift */ = {isa = PBXFileReference; lastKnownFileType = sourcecode.swift; path = LoginViewController.swift; sourceTree = "<group>"; };
/* End PBXFileReference section */

/* Begin PBXFrameworksBuildPhase section */
		81E6F3A427711EA60029E6BD /* Frameworks */ = {
			isa = PBXFrameworksBuildPhase;
			buildActionMask = 2147483647;
			files = (
				ADCEE76D17C9E9F7A66F61B4 /* Pods_08_firebase_login_app.framework in Frameworks */,
			);
			runOnlyForDeploymentPostprocessing = 0;
		};
/* End PBXFrameworksBuildPhase section */

/* Begin PBXGroup section */
		21DB44343BB7E2BF48047C8C /* Pods */ = {
			isa = PBXGroup;
			children = (
				43A94A8F0CEDC2E84F0A6381 /* Pods-08_firebase_login_app.debug.xcconfig */,
				6999E9AE18EDDDC31267FBE1 /* Pods-08_firebase_login_app.release.xcconfig */,
			);
			path = Pods;
			sourceTree = "<group>";
		};
		81E6F39E27711EA60029E6BD = {
			isa = PBXGroup;
			children = (
				81E6F3A927711EA60029E6BD /* 08_firebase_login_app */,
				81E6F3A827711EA60029E6BD /* Products */,
				21DB44343BB7E2BF48047C8C /* Pods */,
				8A9623FC22BD615F0AEAB1DF /* Frameworks */,
			);
			sourceTree = "<group>";
		};
		81E6F3A827711EA60029E6BD /* Products */ = {
			isa = PBXGroup;
			children = (
				81E6F3A727711EA60029E6BD /* 08_firebase_login_app.app */,
			);
			name = Products;
			sourceTree = "<group>";
		};
		81E6F3A927711EA60029E6BD /* 08_firebase_login_app */ = {
			isa = PBXGroup;
			children = (
				81E6F3AA27711EA60029E6BD /* AppDelegate.swift */,
				81E6F3AC27711EA60029E6BD /* SceneDelegate.swift */,
				81E6F3B027711EA60029E6BD /* Main.storyboard */,
				819497BA27715DA7000C55B3 /* MainViewController.swift */,
				819497B827713AE3000C55B3 /* EnterEmailViewController.swift */,
				81E6F3BE27711F0E0029E6BD /* LoginViewController.swift */,
				81E6F3B327711EA80029E6BD /* Assets.xcassets */,
				81E6F3B527711EA80029E6BD /* LaunchScreen.storyboard */,
				81E6F3B827711EA80029E6BD /* Info.plist */,
				819497BC2771ACA9000C55B3 /* GoogleService-Info.plist */,
			);
			path = 08_firebase_login_app;
			sourceTree = "<group>";
		};
		8A9623FC22BD615F0AEAB1DF /* Frameworks */ = {
			isa = PBXGroup;
			children = (
				7FB8112857ED6CF55156AAAB /* Pods_08_firebase_login_app.framework */,
			);
			name = Frameworks;
			sourceTree = "<group>";
		};
/* End PBXGroup section */

/* Begin PBXNativeTarget section */
		81E6F3A627711EA60029E6BD /* 08_firebase_login_app */ = {
			isa = PBXNativeTarget;
			buildConfigurationList = 81E6F3BB27711EA80029E6BD /* Build configuration list for PBXNativeTarget "08_firebase_login_app" */;
			buildPhases = (
				4E1431C0ADB3F8A19695FEBD /* [CP] Check Pods Manifest.lock */,
				81E6F3A327711EA60029E6BD /* Sources */,
				81E6F3A427711EA60029E6BD /* Frameworks */,
				81E6F3A527711EA60029E6BD /* Resources */,
				896C531669C60AEABC329E72 /* [CP] Embed Pods Frameworks */,
			);
			buildRules = (
			);
			dependencies = (
			);
			name = 08_firebase_login_app;
			productName = 08_firebase_login_app;
			productReference = 81E6F3A727711EA60029E6BD /* 08_firebase_login_app.app */;
			productType = "com.apple.product-type.application";
		};
/* End PBXNativeTarget section */

/* Begin PBXProject section */
		81E6F39F27711EA60029E6BD /* Project object */ = {
			isa = PBXProject;
			attributes = {
				BuildIndependentTargetsInParallel = 1;
				LastSwiftUpdateCheck = 1310;
				LastUpgradeCheck = 1310;
				TargetAttributes = {
					81E6F3A627711EA60029E6BD = {
						CreatedOnToolsVersion = 13.1;
					};
				};
			};
			buildConfigurationList = 81E6F3A227711EA60029E6BD /* Build configuration list for PBXProject "08_firebase_login_app" */;
			compatibilityVersion = "Xcode 13.0";
			developmentRegion = en;
			hasScannedForEncodings = 0;
			knownRegions = (
				en,
				Base,
			);
			mainGroup = 81E6F39E27711EA60029E6BD;
			productRefGroup = 81E6F3A827711EA60029E6BD /* Products */;
			projectDirPath = "";
			projectRoot = "";
			targets = (
				81E6F3A627711EA60029E6BD /* 08_firebase_login_app */,
			);
		};
/* End PBXProject section */

/* Begin PBXResourcesBuildPhase section */
		81E6F3A527711EA60029E6BD /* Resources */ = {
			isa = PBXResourcesBuildPhase;
			buildActionMask = 2147483647;
			files = (
				81E6F3B727711EA80029E6BD /* LaunchScreen.storyboard in Resources */,
				819497BD2771ACA9000C55B3 /* GoogleService-Info.plist in Resources */,
				81E6F3B427711EA80029E6BD /* Assets.xcassets in Resources */,
				81E6F3B227711EA60029E6BD /* Main.storyboard in Resources */,
			);
			runOnlyForDeploymentPostprocessing = 0;
		};
/* End PBXResourcesBuildPhase section */

/* Begin PBXShellScriptBuildPhase section */
		4E1431C0ADB3F8A19695FEBD /* [CP] Check Pods Manifest.lock */ = {
			isa = PBXShellScriptBuildPhase;
			buildActionMask = 2147483647;
			files = (
			);
			inputFileListPaths = (
			);
			inputPaths = (
				"${PODS_PODFILE_DIR_PATH}/Podfile.lock",
				"${PODS_ROOT}/Manifest.lock",
			);
			name = "[CP] Check Pods Manifest.lock";
			outputFileListPaths = (
			);
			outputPaths = (
				"$(DERIVED_FILE_DIR)/Pods-08_firebase_login_app-checkManifestLockResult.txt",
			);
			runOnlyForDeploymentPostprocessing = 0;
			shellPath = /bin/sh;
			shellScript = "diff \"${PODS_PODFILE_DIR_PATH}/Podfile.lock\" \"${PODS_ROOT}/Manifest.lock\" > /dev/null\nif [ $? != 0 ] ; then\n    # print error to STDERR\n    echo \"error: The sandbox is not in sync with the Podfile.lock. Run 'pod install' or update your CocoaPods installation.\" >&2\n    exit 1\nfi\n# This output is used by Xcode 'outputs' to avoid re-running this script phase.\necho \"SUCCESS\" > \"${SCRIPT_OUTPUT_FILE_0}\"\n";
			showEnvVarsInLog = 0;
		};
		896C531669C60AEABC329E72 /* [CP] Embed Pods Frameworks */ = {
			isa = PBXShellScriptBuildPhase;
			buildActionMask = 2147483647;
			files = (
			);
			inputFileListPaths = (
				"${PODS_ROOT}/Target Support Files/Pods-08_firebase_login_app/Pods-08_firebase_login_app-frameworks-${CONFIGURATION}-input-files.xcfilelist",
			);
			name = "[CP] Embed Pods Frameworks";
			outputFileListPaths = (
				"${PODS_ROOT}/Target Support Files/Pods-08_firebase_login_app/Pods-08_firebase_login_app-frameworks-${CONFIGURATION}-output-files.xcfilelist",
			);
			runOnlyForDeploymentPostprocessing = 0;
			shellPath = /bin/sh;
			shellScript = "\"${PODS_ROOT}/Target Support Files/Pods-08_firebase_login_app/Pods-08_firebase_login_app-frameworks.sh\"\n";
			showEnvVarsInLog = 0;
		};
/* End PBXShellScriptBuildPhase section */

/* Begin PBXSourcesBuildPhase section */
		81E6F3A327711EA60029E6BD /* Sources */ = {
			isa = PBXSourcesBuildPhase;
			buildActionMask = 2147483647;
			files = (
				81E6F3BF27711F0E0029E6BD /* LoginViewController.swift in Sources */,
				81E6F3AB27711EA60029E6BD /* AppDelegate.swift in Sources */,
				819497B927713AE3000C55B3 /* EnterEmailViewController.swift in Sources */,
				81E6F3AD27711EA60029E6BD /* SceneDelegate.swift in Sources */,
				819497BB27715DA7000C55B3 /* MainViewController.swift in Sources */,
			);
			runOnlyForDeploymentPostprocessing = 0;
		};
/* End PBXSourcesBuildPhase section */

/* Begin PBXVariantGroup section */
		81E6F3B027711EA60029E6BD /* Main.storyboard */ = {
			isa = PBXVariantGroup;
			children = (
				81E6F3B127711EA60029E6BD /* Base */,
			);
			name = Main.storyboard;
			sourceTree = "<group>";
		};
		81E6F3B527711EA80029E6BD /* LaunchScreen.storyboard */ = {
			isa = PBXVariantGroup;
			children = (
				81E6F3B627711EA80029E6BD /* Base */,
			);
			name = LaunchScreen.storyboard;
			sourceTree = "<group>";
		};
/* End PBXVariantGroup section */

/* Begin XCBuildConfiguration section */
		81E6F3B927711EA80029E6BD /* Debug */ = {
			isa = XCBuildConfiguration;
			buildSettings = {
				ALWAYS_SEARCH_USER_PATHS = NO;
				CLANG_ANALYZER_NONNULL = YES;
				CLANG_ANALYZER_NUMBER_OBJECT_CONVERSION = YES_AGGRESSIVE;
				CLANG_CXX_LANGUAGE_STANDARD = "gnu++17";
				CLANG_CXX_LIBRARY = "libc++";
				CLANG_ENABLE_MODULES = YES;
				CLANG_ENABLE_OBJC_ARC = YES;
				CLANG_ENABLE_OBJC_WEAK = YES;
				CLANG_WARN_BLOCK_CAPTURE_AUTORELEASING = YES;
				CLANG_WARN_BOOL_CONVERSION = YES;
				CLANG_WARN_COMMA = YES;
				CLANG_WARN_CONSTANT_CONVERSION = YES;
				CLANG_WARN_DEPRECATED_OBJC_IMPLEMENTATIONS = YES;
				CLANG_WARN_DIRECT_OBJC_ISA_USAGE = YES_ERROR;
				CLANG_WARN_DOCUMENTATION_COMMENTS = YES;
				CLANG_WARN_EMPTY_BODY = YES;
				CLANG_WARN_ENUM_CONVERSION = YES;
				CLANG_WARN_INFINITE_RECURSION = YES;
				CLANG_WARN_INT_CONVERSION = YES;
				CLANG_WARN_NON_LITERAL_NULL_CONVERSION = YES;
				CLANG_WARN_OBJC_IMPLICIT_RETAIN_SELF = YES;
				CLANG_WARN_OBJC_LITERAL_CONVERSION = YES;
				CLANG_WARN_OBJC_ROOT_CLASS = YES_ERROR;
				CLANG_WARN_QUOTED_INCLUDE_IN_FRAMEWORK_HEADER = YES;
				CLANG_WARN_RANGE_LOOP_ANALYSIS = YES;
				CLANG_WARN_STRICT_PROTOTYPES = YES;
				CLANG_WARN_SUSPICIOUS_MOVE = YES;
				CLANG_WARN_UNGUARDED_AVAILABILITY = YES_AGGRESSIVE;
				CLANG_WARN_UNREACHABLE_CODE = YES;
				CLANG_WARN__DUPLICATE_METHOD_MATCH = YES;
				COPY_PHASE_STRIP = NO;
				DEBUG_INFORMATION_FORMAT = dwarf;
				ENABLE_STRICT_OBJC_MSGSEND = YES;
				ENABLE_TESTABILITY = YES;
				GCC_C_LANGUAGE_STANDARD = gnu11;
				GCC_DYNAMIC_NO_PIC = NO;
				GCC_NO_COMMON_BLOCKS = YES;
				GCC_OPTIMIZATION_LEVEL = 0;
				GCC_PREPROCESSOR_DEFINITIONS = (
					"DEBUG=1",
					"$(inherited)",
				);
				GCC_WARN_64_TO_32_BIT_CONVERSION = YES;
				GCC_WARN_ABOUT_RETURN_TYPE = YES_ERROR;
				GCC_WARN_UNDECLARED_SELECTOR = YES;
				GCC_WARN_UNINITIALIZED_AUTOS = YES_AGGRESSIVE;
				GCC_WARN_UNUSED_FUNCTION = YES;
				GCC_WARN_UNUSED_VARIABLE = YES;
				IPHONEOS_DEPLOYMENT_TARGET = 15.0;
				MTL_ENABLE_DEBUG_INFO = INCLUDE_SOURCE;
				MTL_FAST_MATH = YES;
				ONLY_ACTIVE_ARCH = YES;
				SDKROOT = iphoneos;
				SWIFT_ACTIVE_COMPILATION_CONDITIONS = DEBUG;
				SWIFT_OPTIMIZATION_LEVEL = "-Onone";
			};
			name = Debug;
		};
		81E6F3BA27711EA80029E6BD /* Release */ = {
			isa = XCBuildConfiguration;
			buildSettings = {
				ALWAYS_SEARCH_USER_PATHS = NO;
				CLANG_ANALYZER_NONNULL = YES;
				CLANG_ANALYZER_NUMBER_OBJECT_CONVERSION = YES_AGGRESSIVE;
				CLANG_CXX_LANGUAGE_STANDARD = "gnu++17";
				CLANG_CXX_LIBRARY = "libc++";
				CLANG_ENABLE_MODULES = YES;
				CLANG_ENABLE_OBJC_ARC = YES;
				CLANG_ENABLE_OBJC_WEAK = YES;
				CLANG_WARN_BLOCK_CAPTURE_AUTORELEASING = YES;
				CLANG_WARN_BOOL_CONVERSION = YES;
				CLANG_WARN_COMMA = YES;
				CLANG_WARN_CONSTANT_CONVERSION = YES;
				CLANG_WARN_DEPRECATED_OBJC_IMPLEMENTATIONS = YES;
				CLANG_WARN_DIRECT_OBJC_ISA_USAGE = YES_ERROR;
				CLANG_WARN_DOCUMENTATION_COMMENTS = YES;
				CLANG_WARN_EMPTY_BODY = YES;
				CLANG_WARN_ENUM_CONVERSION = YES;
				CLANG_WARN_INFINITE_RECURSION = YES;
				CLANG_WARN_INT_CONVERSION = YES;
				CLANG_WARN_NON_LITERAL_NULL_CONVERSION = YES;
				CLANG_WARN_OBJC_IMPLICIT_RETAIN_SELF = YES;
				CLANG_WARN_OBJC_LITERAL_CONVERSION = YES;
				CLANG_WARN_OBJC_ROOT_CLASS = YES_ERROR;
				CLANG_WARN_QUOTED_INCLUDE_IN_FRAMEWORK_HEADER = YES;
				CLANG_WARN_RANGE_LOOP_ANALYSIS = YES;
				CLANG_WARN_STRICT_PROTOTYPES = YES;
				CLANG_WARN_SUSPICIOUS_MOVE = YES;
				CLANG_WARN_UNGUARDED_AVAILABILITY = YES_AGGRESSIVE;
				CLANG_WARN_UNREACHABLE_CODE = YES;
				CLANG_WARN__DUPLICATE_METHOD_MATCH = YES;
				COPY_PHASE_STRIP = NO;
				DEBUG_INFORMATION_FORMAT = "dwarf-with-dsym";
				ENABLE_NS_ASSERTIONS = NO;
				ENABLE_STRICT_OBJC_MSGSEND = YES;
				GCC_C_LANGUAGE_STANDARD = gnu11;
				GCC_NO_COMMON_BLOCKS = YES;
				GCC_WARN_64_TO_32_BIT_CONVERSION = YES;
				GCC_WARN_ABOUT_RETURN_TYPE = YES_ERROR;
				GCC_WARN_UNDECLARED_SELECTOR = YES;
				GCC_WARN_UNINITIALIZED_AUTOS = YES_AGGRESSIVE;
				GCC_WARN_UNUSED_FUNCTION = YES;
				GCC_WARN_UNUSED_VARIABLE = YES;
				IPHONEOS_DEPLOYMENT_TARGET = 15.0;
				MTL_ENABLE_DEBUG_INFO = NO;
				MTL_FAST_MATH = YES;
				SDKROOT = iphoneos;
				SWIFT_COMPILATION_MODE = wholemodule;
				SWIFT_OPTIMIZATION_LEVEL = "-O";
				VALIDATE_PRODUCT = YES;
			};
			name = Release;
		};
		81E6F3BC27711EA80029E6BD /* Debug */ = {
			isa = XCBuildConfiguration;
			baseConfigurationReference = 43A94A8F0CEDC2E84F0A6381 /* Pods-08_firebase_login_app.debug.xcconfig */;
			buildSettings = {
				ASSETCATALOG_COMPILER_APPICON_NAME = AppIcon;
				ASSETCATALOG_COMPILER_GLOBAL_ACCENT_COLOR_NAME = AccentColor;
				CODE_SIGN_STYLE = Automatic;
				CURRENT_PROJECT_VERSION = 1;
				DEVELOPMENT_TEAM = M63L6X73D4;
				GENERATE_INFOPLIST_FILE = YES;
				INFOPLIST_FILE = 08_firebase_login_app/Info.plist;
				INFOPLIST_KEY_UIApplicationSupportsIndirectInputEvents = YES;
				INFOPLIST_KEY_UILaunchStoryboardName = LaunchScreen;
				INFOPLIST_KEY_UIMainStoryboardFile = Main;
				INFOPLIST_KEY_UISupportedInterfaceOrientations_iPad = "UIInterfaceOrientationPortrait UIInterfaceOrientationPortraitUpsideDown UIInterfaceOrientationLandscapeLeft UIInterfaceOrientationLandscapeRight";
				INFOPLIST_KEY_UISupportedInterfaceOrientations_iPhone = "UIInterfaceOrientationPortrait UIInterfaceOrientationLandscapeLeft UIInterfaceOrientationLandscapeRight";
				LD_RUNPATH_SEARCH_PATHS = (
					"$(inherited)",
					"@executable_path/Frameworks",
				);
				MARKETING_VERSION = 1.0;
				PRODUCT_BUNDLE_IDENTIFIER = "info.jacobko.-8-firebase-login-app";
				PRODUCT_NAME = "$(TARGET_NAME)";
				SWIFT_EMIT_LOC_STRINGS = YES;
				SWIFT_VERSION = 5.0;
				TARGETED_DEVICE_FAMILY = "1,2";
			};
			name = Debug;
		};
		81E6F3BD27711EA80029E6BD /* Release */ = {
			isa = XCBuildConfiguration;
			baseConfigurationReference = 6999E9AE18EDDDC31267FBE1 /* Pods-08_firebase_login_app.release.xcconfig */;
			buildSettings = {
				ASSETCATALOG_COMPILER_APPICON_NAME = AppIcon;
				ASSETCATALOG_COMPILER_GLOBAL_ACCENT_COLOR_NAME = AccentColor;
				CODE_SIGN_STYLE = Automatic;
				CURRENT_PROJECT_VERSION = 1;
				DEVELOPMENT_TEAM = M63L6X73D4;
				GENERATE_INFOPLIST_FILE = YES;
				INFOPLIST_FILE = 08_firebase_login_app/Info.plist;
				INFOPLIST_KEY_UIApplicationSupportsIndirectInputEvents = YES;
				INFOPLIST_KEY_UILaunchStoryboardName = LaunchScreen;
				INFOPLIST_KEY_UIMainStoryboardFile = Main;
				INFOPLIST_KEY_UISupportedInterfaceOrientations_iPad = "UIInterfaceOrientationPortrait UIInterfaceOrientationPortraitUpsideDown UIInterfaceOrientationLandscapeLeft UIInterfaceOrientationLandscapeRight";
				INFOPLIST_KEY_UISupportedInterfaceOrientations_iPhone = "UIInterfaceOrientationPortrait UIInterfaceOrientationLandscapeLeft UIInterfaceOrientationLandscapeRight";
				LD_RUNPATH_SEARCH_PATHS = (
					"$(inherited)",
					"@executable_path/Frameworks",
				);
				MARKETING_VERSION = 1.0;
				PRODUCT_BUNDLE_IDENTIFIER = "info.jacobko.-8-firebase-login-app";
				PRODUCT_NAME = "$(TARGET_NAME)";
				SWIFT_EMIT_LOC_STRINGS = YES;
				SWIFT_VERSION = 5.0;
				TARGETED_DEVICE_FAMILY = "1,2";
			};
			name = Release;
		};
/* End XCBuildConfiguration section */

/* Begin XCConfigurationList section */
		81E6F3A227711EA60029E6BD /* Build configuration list for PBXProject "08_firebase_login_app" */ = {
			isa = XCConfigurationList;
			buildConfigurations = (
				81E6F3B927711EA80029E6BD /* Debug */,
				81E6F3BA27711EA80029E6BD /* Release */,
			);
			defaultConfigurationIsVisible = 0;
			defaultConfigurationName = Release;
		};
		81E6F3BB27711EA80029E6BD /* Build configuration list for PBXNativeTarget "08_firebase_login_app" */ = {
			isa = XCConfigurationList;
			buildConfigurations = (
				81E6F3BC27711EA80029E6BD /* Debug */,
				81E6F3BD27711EA80029E6BD /* Release */,
			);
			defaultConfigurationIsVisible = 0;
			defaultConfigurationName = Release;
		};
/* End XCConfigurationList section */
	};
	rootObject = 81E6F39F27711EA60029E6BD /* Project object */;
}
